{
  "nodes": {
    "beaker-src": {
      "flake": false,
      "locked": {
        "lastModified": 1786917319,
        "narHash": "sha256-4+UWuicypc7wEuLGwY1N372X1JF162DPSbjssZlfhhY=",
        "ref": "refs/heads/master",
        "rev": "acdd9e754a536d542099951e4c9a6acc8cdf1c51",
        "revCount": 45,
        "shallow": false,
        "type": "git",
        "url": "https://git.bwaaa.monster/beaker"
      },
      "original": {
        "shallow": false,
        "type": "git",
        "url": "https://git.bwaaa.monster/beaker"
      }
    },
    "bunkers": {
      "inputs": {
        "flake-utils": "flake-utils",
        "naersk": "naersk",
        "nixpkgs": [
          "nixpkgs"
        ]
      },
      "locked": {
        "lastModified": 1789039673,
        "narHash": "sha256-NvyYVVr1p9T5+aVUwN5r1cpLOkJKsi0ApesIDFfKwrQ=",
        "owner": "indium114",
        "repo": "bunkers",
        "rev": "914d5947214ef410057e3d6e9cc24df0d94014c7",
        "type": "github"
      },
      "original": {
        "owner": "indium114",
        "repo": "bunkers",
        "type": "github"
      }
    },
    "catppuccin": {
      "inputs": {
        "nixpkgs": "nixpkgs"
      },
      "locked": {
        "lastModified": 1788792980,
        "narHash": "sha256-TX/Z3PQZQVHgy4g9OZpflVpuazwturkGolsRDkFVHiU=",
        "owner": "catppuccin",
        "repo": "nix",
        "rev": "3142fdbeea0b181ad6600587dfe484ccb644dcc6",
        "type": "github"
      },
      "original": {
        "owner": "catppuccin",
        "repo": "nix",
        "type": "github"
      }
    },
    "disko": {
      "inputs": {
        "nixpkgs": [
          "nixpkgs"
        ]
      },
      "locked": {
        "lastModified": 1781152676,
        "narHash": "sha256-RxWs5ND31KzTG7wvMM+PMfUjyNpmIEr999lqNARaM5o=",
        "owner": "nix-community",
        "repo": "disko",
        "rev": "ff8702b4de27f72b4c78573dfb89ec74e36abdf1",
        "type": "github"
      },
      "original": {
        "owner": "nix-community",
        "repo": "disko",
        "type": "github"
      }
    },
    "fastcards": {
      "inputs": {
        "flake-utils": "flake-utils_2",
        "naersk": "naersk_2",
        "nixpkgs": [
          "nixpkgs"
        ]
      },
      "locked": {
        "lastModified": 1788089425,
        "narHash": "sha256-8sf0qa9KU/zjKBPvVQrny1OzmMT4XFHJ7SN4XF0dy+E=",
        "owner": "indium114",
        "repo": "fastcards",
        "rev": "533fc7f62b490cb68c8687f62e331fd3cb39b481",
        "type": "github"
      },
      "original": {
        "owner": "indium114",
        "repo": "fastcards",
        "type": "github"
      }
    },
    "fenix": {
      "inputs": {
        "nixpkgs": [
          "bunkers",
          "naersk",
          "nixpkgs"
        ],
        "rust-analyzer-src": "rust-analyzer-src"
      },
      "locked": {
        "lastModified": 1752475459,
        "narHash": "sha256-z6QEu4ZFuHiqdOPbYss4/Q8B0BFhacR8ts6jO/F/aOU=",
        "owner": "nix-community",
        "repo": "fenix",
        "rev": "bf0d6f70f4c9a9cf8845f992105652173f4b617f",
        "type": "github"
      },
      "original": {
        "owner": "nix-community",
        "repo": "fenix",
        "type": "github"
      }
    },
    "fenix_2": {
      "inputs": {
        "nixpkgs": [
          "fastcards",
          "naersk",
          "nixpkgs"
        ],
        "rust-analyzer-src": "rust-analyzer-src_2"
      },
      "locked": {
        "lastModified": 1752475459,
        "narHash": "sha256-z6QEu4ZFuHiqdOPbYss4/Q8B0BFhacR8ts6jO/F/aOU=",
        "owner": "nix-community",
        "repo": "fenix",
        "rev": "bf0d6f70f4c9a9cf8845f992105652173f4b617f",
        "type": "github"
      },
      "original": {
        "owner": "nix-community",
        "repo": "fenix",
        "type": "github"
      }
    },
    "fenix_3": {
      "inputs": {
        "nixpkgs": [
          "haal",
          "naersk",
          "nixpkgs"
        ],
        "rust-analyzer-src": "rust-analyzer-src_3"
      },
      "locked": {
        "lastModified": 1752475459,
        "narHash": "sha256-z6QEu4ZFuHiqdOPbYss4/Q8B0BFhacR8ts6jO/F/aOU=",
        "owner": "nix-community",
        "repo": "fenix",
        "rev": "bf0d6f70f4c9a9cf8845f992105652173f4b617f",
        "type": "github"
      },
      "original": {
        "owner": "nix-community",
        "repo": "fenix",
        "type": "github"
      }
    },
    "fenix_4": {
      "inputs": {
        "nixpkgs": [
          "hocusfocus",
          "naersk",
          "nixpkgs"
        ],
        "rust-analyzer-src": "rust-analyzer-src_4"
      },
      "locked": {
        "lastModified": 1752475459,
        "narHash": "sha256-z6QEu4ZFuHiqdOPbYss4/Q8B0BFhacR8ts6jO/F/aOU=",
        "owner": "nix-community",
        "repo": "fenix",
        "rev": "bf0d6f70f4c9a9cf8845f992105652173f4b617f",
        "type": "github"
      },
      "original": {
        "owner": "nix-community",
        "repo": "fenix",
        "type": "github"
      }
    },
    "fenix_5": {
      "inputs": {
        "nixpkgs": [
          "recall",
          "naersk",
          "nixpkgs"
        ],
        "rust-analyzer-src": "rust-analyzer-src_5"
      },
      "locked": {
        "lastModified": 1752475459,
        "narHash": "sha256-z6QEu4ZFuHiqdOPbYss4/Q8B0BFhacR8ts6jO/F/aOU=",
        "owner": "nix-community",
        "repo": "fenix",
        "rev": "bf0d6f70f4c9a9cf8845f992105652173f4b617f",
        "type": "github"
      },
      "original": {
        "owner": "nix-community",
        "repo": "fenix",
        "type": "github"
      }
    },
    "fenix_6": {
      "inputs": {
        "nixpkgs": [
          "rsstig",
          "naersk",
          "nixpkgs"
        ],
        "rust-analyzer-src": "rust-analyzer-src_6"
      },
      "locked": {
        "lastModified": 1752475459,
        "narHash": "sha256-z6QEu4ZFuHiqdOPbYss4/Q8B0BFhacR8ts6jO/F/aOU=",
        "owner": "nix-community",
        "repo": "fenix",
        "rev": "bf0d6f70f4c9a9cf8845f992105652173f4b617f",
        "type": "github"
      },
      "original": {
        "owner": "nix-community",
        "repo": "fenix",
        "type": "github"
      }
    },
    "fenix_7": {
      "inputs": {
        "nixpkgs": [
          "rubbish",
          "naersk",
          "nixpkgs"
        ],
        "rust-analyzer-src": "rust-analyzer-src_7"
      },
      "locked": {
        "lastModified": 1752475459,
        "narHash": "sha256-z6QEu4ZFuHiqdOPbYss4/Q8B0BFhacR8ts6jO/F/aOU=",
        "owner": "nix-community",
        "repo": "fenix",
        "rev": "bf0d6f70f4c9a9cf8845f992105652173f4b617f",
        "type": "github"
      },
      "original": {
        "owner": "nix-community",
        "repo": "fenix",
        "type": "github"
      }
    },
    "fenix_8": {
      "inputs": {
        "nixpkgs": [
          "spyglass",
          "naersk",
          "nixpkgs"
        ],
        "rust-analyzer-src": "rust-analyzer-src_8"
      },
      "locked": {
        "lastModified": 1752475459,
        "narHash": "sha256-z6QEu4ZFuHiqdOPbYss4/Q8B0BFhacR8ts6jO/F/aOU=",
        "owner": "nix-community",
        "repo": "fenix",
        "rev": "bf0d6f70f4c9a9cf8845f992105652173f4b617f",
        "type": "github"
      },
      "original": {
        "owner": "nix-community",
        "repo": "fenix",
        "type": "github"
      }
    },
    "fenix_9": {
      "inputs": {
        "nixpkgs": [
          "termfarm",
          "naersk",
          "nixpkgs"
        ],
        "rust-analyzer-src": "rust-analyzer-src_9"
      },
      "locked": {
        "lastModified": 1752475459,
        "narHash": "sha256-z6QEu4ZFuHiqdOPbYss4/Q8B0BFhacR8ts6jO/F/aOU=",
        "owner": "nix-community",
        "repo": "fenix",
        "rev": "bf0d6f70f4c9a9cf8845f992105652173f4b617f",
        "type": "github"
      },
      "original": {
        "owner": "nix-community",
        "repo": "fenix",
        "type": "github"
      }
    },
    "flake-parts": {
      "inputs": {
        "nixpkgs-lib": "nixpkgs-lib"
      },
      "locked": {
        "lastModified": 1788450739,
        "narHash": "sha256-glZLQlzIn1fXH6PazR2iUmTo7kzzyYSshrWhLS9TqCU=",
        "owner": "hercules-ci",
        "repo": "flake-parts",
        "rev": "31729ca8cbdb4fa927b34e5f4353e6a83f39e993",
        "type": "github"
      },
      "original": {
        "owner": "hercules-ci",
        "repo": "flake-parts",
        "type": "github"
      }
    },
    "flake-utils": {
      "inputs": {
        "systems": "systems"
      },
      "locked": {
        "lastModified": 1731533236,
        "narHash": "sha256-l0KFg5HjrsfsO/JpG+r7fRrqm12kzFHyUHqHCVpMMbI=",
        "owner": "numtide",
        "repo": "flake-utils",
        "rev": "11707dc2f618dd54ca8739b309ec4fc024de578b",
        "type": "github"
      },
      "original": {
        "owner": "numtide",
        "repo": "flake-utils",
        "type": "github"
      }
    },
    "flake-utils_10": {
      "inputs": {
        "systems": "systems_10"
      },
      "locked": {
        "lastModified": 1731533236,
        "narHash": "sha256-l0KFg5HjrsfsO/JpG+r7fRrqm12kzFHyUHqHCVpMMbI=",
        "owner": "numtide",
        "repo": "flake-utils",
        "rev": "11707dc2f618dd54ca8739b309ec4fc024de578b",
        "type": "github"
      },
      "original": {
        "owner": "numtide",
        "repo": "flake-utils",
        "type": "github"
      }
    },
    "flake-utils_11": {
      "inputs": {
        "systems": "systems_11"
      },
      "locked": {
        "lastModified": 1731533236,
        "narHash": "sha256-l0KFg5HjrsfsO/JpG+r7fRrqm12kzFHyUHqHCVpMMbI=",
        "owner": "numtide",
        "repo": "flake-utils",
        "rev": "11707dc2f618dd54ca8739b309ec4fc024de578b",
        "type": "github"
      },
      "original": {
        "owner": "numtide",
        "repo": "flake-utils",
        "type": "github"
      }
    },
    "flake-utils_12": {
      "inputs": {
        "systems": "systems_12"
      },
      "locked": {
        "lastModified": 1731533236,
        "narHash": "sha256-l0KFg5HjrsfsO/JpG+r7fRrqm12kzFHyUHqHCVpMMbI=",
        "owner": "numtide",
        "repo": "flake-utils",
        "rev": "11707dc2f618dd54ca8739b309ec4fc024de578b",
        "type": "github"
      },
      "original": {
        "owner": "numtide",
        "repo": "flake-utils",
        "type": "github"
      }
    },
    "flake-utils_13": {
      "inputs": {
        "systems": "systems_13"
      },
      "locked": {
        "lastModified": 1731533236,
        "narHash": "sha256-l0KFg5HjrsfsO/JpG+r7fRrqm12kzFHyUHqHCVpMMbI=",
        "owner": "numtide",
        "repo": "flake-utils",
        "rev": "11707dc2f618dd54ca8739b309ec4fc024de578b",
        "type": "github"
      },
      "original": {
        "owner": "numtide",
        "repo": "flake-utils",
        "type": "github"
      }
    },
    "flake-utils_2": {
      "inputs": {
        "systems": "systems_2"
      },
      "locked": {
        "lastModified": 1731533236,
        "narHash": "sha256-l0KFg5HjrsfsO/JpG+r7fRrqm12kzFHyUHqHCVpMMbI=",
        "owner": "numtide",
        "repo": "flake-utils",
        "rev": "11707dc2f618dd54ca8739b309ec4fc024de578b",
        "type": "github"
      },
      "original": {
        "owner": "numtide",
        "repo": "flake-utils",
        "type": "github"
      }
    },
    "flake-utils_3": {
      "inputs": {
        "systems": "systems_3"
      },
      "locked": {
        "lastModified": 1731533236,
        "narHash": "sha256-l0KFg5HjrsfsO/JpG+r7fRrqm12kzFHyUHqHCVpMMbI=",
        "owner": "numtide",
        "repo": "flake-utils",
        "rev": "11707dc2f618dd54ca8739b309ec4fc024de578b",
        "type": "github"
      },
      "original": {
        "owner": "numtide",
        "repo": "flake-utils",
        "type": "github"
      }
    },
    "flake-utils_4": {
      "inputs": {
        "systems": "systems_4"
      },
      "locked": {
        "lastModified": 1731533236,
        "narHash": "sha256-l0KFg5HjrsfsO/JpG+r7fRrqm12kzFHyUHqHCVpMMbI=",
        "owner": "numtide",
        "repo": "flake-utils",
        "rev": "11707dc2f618dd54ca8739b309ec4fc024de578b",
        "type": "github"
      },
      "original": {
        "owner": "numtide",
        "repo": "flake-utils",
        "type": "github"
      }
    },
    "flake-utils_5": {
      "inputs": {
        "systems": "systems_5"
      },
      "locked": {
        "lastModified": 1731533236,
        "narHash": "sha256-l0KFg5HjrsfsO/JpG+r7fRrqm12kzFHyUHqHCVpMMbI=",
        "owner": "numtide",
        "repo": "flake-utils",
        "rev": "11707dc2f618dd54ca8739b309ec4fc024de578b",
        "type": "github"
      },
      "original": {
        "owner": "numtide",
        "repo": "flake-utils",
        "type": "github"
      }
    },
    "flake-utils_6": {
      "inputs": {
        "systems": "systems_6"
      },
      "locked": {
        "lastModified": 1731533236,
        "narHash": "sha256-l0KFg5HjrsfsO/JpG+r7fRrqm12kzFHyUHqHCVpMMbI=",
        "owner": "numtide",
        "repo": "flake-utils",
        "rev": "11707dc2f618dd54ca8739b309ec4fc024de578b",
        "type": "github"
      },
      "original": {
        "owner": "numtide",
        "repo": "flake-utils",
        "type": "github"
      }
    },
    "flake-utils_7": {
      "inputs": {
        "systems": "systems_7"
      },
      "locked": {
        "lastModified": 1731533236,
        "narHash": "sha256-l0KFg5HjrsfsO/JpG+r7fRrqm12kzFHyUHqHCVpMMbI=",
        "owner": "numtide",
        "repo": "flake-utils",
        "rev": "11707dc2f618dd54ca8739b309ec4fc024de578b",
        "type": "github"
      },
      "original": {
        "owner": "numtide",
        "repo": "flake-utils",
        "type": "github"
      }
    },
    "flake-utils_8": {
      "inputs": {
        "systems": "systems_8"
      },
      "locked": {
        "lastModified": 1731533236,
        "narHash": "sha256-l0KFg5HjrsfsO/JpG+r7fRrqm12kzFHyUHqHCVpMMbI=",
        "owner": "numtide",
        "repo": "flake-utils",
        "rev": "11707dc2f618dd54ca8739b309ec4fc024de578b",
        "type": "github"
      },
      "original": {
        "owner": "numtide",
        "repo": "flake-utils",
        "type": "github"
      }
    },
    "flake-utils_9": {
      "inputs": {
        "systems": "systems_9"
      },
      "locked": {
        "lastModified": 1731533236,
        "narHash": "sha256-l0KFg5HjrsfsO/JpG+r7fRrqm12kzFHyUHqHCVpMMbI=",
        "owner": "numtide",
        "repo": "flake-utils",
        "rev": "11707dc2f618dd54ca8739b309ec4fc024de578b",
        "type": "github"
      },
      "original": {
        "owner": "numtide",
        "repo": "flake-utils",
        "type": "github"
      }
    },
    "haal": {
      "inputs": {
        "flake-utils": "flake-utils_3",
        "naersk": "naersk_3",
        "nixpkgs": [
          "nixpkgs"
        ]
      },
      "locked": {
        "lastModified": 1788505017,
        "narHash": "sha256-vNx5pCyXVqYWUZ9Mxw/HV3TWVY8fzTsXQE5EiSlcjss=",
        "owner": "indium114",
        "repo": "haal",
        "rev": "3ba8478dd45ac384aec68cf318f549f5ab526875",
        "type": "github"
      },
      "original": {
        "owner": "indium114",
        "repo": "haal",
        "type": "github"
      }
    },
    "hocusfocus": {
      "inputs": {
        "flake-utils": "flake-utils_4",
        "naersk": "naersk_4",
        "nixpkgs": [
          "nixpkgs"
        ]
      },
      "locked": {
        "lastModified": 1788159512,
        "narHash": "sha256-Sa9W1NlRxnhm9NABS7N4wFJldu1sgbMDmzoulMHd5NE=",
        "owner": "indium114",
        "repo": "hocusfocus",
        "rev": "2ab72b0958e956fdd126a550635e164403e58644",
        "type": "github"
      },
      "original": {
        "owner": "indium114",
        "repo": "hocusfocus",
        "type": "github"
      }
    },
    "home-manager": {
      "inputs": {
        "nixpkgs": [
          "nixpkgs"
        ]
      },
      "locked": {
        "lastModified": 1789012927,
        "narHash": "sha256-+h1H0g2XMGXK0fNUlX4ajCmCz8u05IR7k0Cj2MJviBY=",
        "owner": "nix-community",
        "repo": "home-manager",
        "rev": "df044b78fd9ec60d0e54752169666e6e1d393798",
        "type": "github"
      },
      "original": {
        "owner": "nix-community",
        "repo": "home-manager",
        "type": "github"
      }
    },
    "naersk": {
      "inputs": {
        "fenix": "fenix",
        "nixpkgs": [
          "bunkers",
          "nixpkgs"
        ]
      },
      "locked": {
        "lastModified": 1782220280,
        "narHash": "sha256-thLTFbp9D5Qknmh8q/v4FRpLGphUSijT3E86cbLYTXo=",
        "owner": "nix-community",
        "repo": "naersk",
        "rev": "9aa07bb0256d300219b30622d2454e85f7f3667e",
        "type": "github"
      },
      "original": {
        "owner": "nix-community",
        "repo": "naersk",
        "type": "github"
      }
    },
    "naersk_2": {
      "inputs": {
        "fenix": "fenix_2",
        "nixpkgs": [
          "fastcards",
          "nixpkgs"
        ]
      },
      "locked": {
        "lastModified": 1782220280,
        "narHash": "sha256-thLTFbp9D5Qknmh8q/v4FRpLGphUSijT3E86cbLYTXo=",
        "owner": "nix-community",
        "repo": "naersk",
        "rev": "9aa07bb0256d300219b30622d2454e85f7f3667e",
        "type": "github"
      },
      "original": {
        "owner": "nix-community",
        "repo": "naersk",
        "type": "github"
      }
    },
    "naersk_3": {
      "inputs": {
        "fenix": "fenix_3",
        "nixpkgs": [
          "haal",
          "nixpkgs"
        ]
      },
      "locked": {
        "lastModified": 1782220280,
        "narHash": "sha256-thLTFbp9D5Qknmh8q/v4FRpLGphUSijT3E86cbLYTXo=",
        "owner": "nix-community",
        "repo": "naersk",
        "rev": "9aa07bb0256d300219b30622d2454e85f7f3667e",
        "type": "github"
      },
      "original": {
        "owner": "nix-community",
        "repo": "naersk",
        "type": "github"
      }
    },
    "naersk_4": {
      "inputs": {
        "fenix": "fenix_4",
        "nixpkgs": [
          "hocusfocus",
          "nixpkgs"
        ]
      },
      "locked": {
        "lastModified": 1782220280,
        "narHash": "sha256-thLTFbp9D5Qknmh8q/v4FRpLGphUSijT3E86cbLYTXo=",
        "owner": "nix-community",
        "repo": "naersk",
        "rev": "9aa07bb0256d300219b30622d2454e85f7f3667e",
        "type": "github"
      },
      "original": {
        "owner": "nix-community",
        "repo": "naersk",
        "type": "github"
      }
    },
    "naersk_5": {
      "inputs": {
        "fenix": "fenix_5",
        "nixpkgs": [
          "recall",
          "nixpkgs"
        ]
      },
      "locked": {
        "lastModified": 1782220280,
        "narHash": "sha256-thLTFbp9D5Qknmh8q/v4FRpLGphUSijT3E86cbLYTXo=",
        "owner": "nix-community",
        "repo": "naersk",
        "rev": "9aa07bb0256d300219b30622d2454e85f7f3667e",
        "type": "github"
      },
      "original": {
        "owner": "nix-community",
        "repo": "naersk",
        "type": "github"
      }
    },
    "naersk_6": {
      "inputs": {
        "fenix": "fenix_6",
        "nixpkgs": [
          "rsstig",
          "nixpkgs"
        ]
      },
      "locked": {
        "lastModified": 1782220280,
        "narHash": "sha256-thLTFbp9D5Qknmh8q/v4FRpLGphUSijT3E86cbLYTXo=",
        "owner": "nix-community",
        "repo": "naersk",
        "rev": "9aa07bb0256d300219b30622d2454e85f7f3667e",
        "type": "github"
      },
      "original": {
        "owner": "nix-community",
        "repo": "naersk",
        "type": "github"
      }
    },
    "naersk_7": {
      "inputs": {
        "fenix": "fenix_7",
        "nixpkgs": [
          "rubbish",
          "nixpkgs"
        ]
      },
      "locked": {
        "lastModified": 1782220280,
        "narHash": "sha256-thLTFbp9D5Qknmh8q/v4FRpLGphUSijT3E86cbLYTXo=",
        "owner": "nix-community",
        "repo": "naersk",
        "rev": "9aa07bb0256d300219b30622d2454e85f7f3667e",
        "type": "github"
      },
      "original": {
        "owner": "nix-community",
        "repo": "naersk",
        "type": "github"
      }
    },
    "naersk_8": {
      "inputs": {
        "fenix": "fenix_8",
        "nixpkgs": [
          "spyglass",
          "nixpkgs"
        ]
      },
      "locked": {
        "lastModified": 1782220280,
        "narHash": "sha256-thLTFbp9D5Qknmh8q/v4FRpLGphUSijT3E86cbLYTXo=",
        "owner": "nix-community",
        "repo": "naersk",
        "rev": "9aa07bb0256d300219b30622d2454e85f7f3667e",
        "type": "github"
      },
      "original": {
        "owner": "nix-community",
        "repo": "naersk",
        "type": "github"
      }
    },
    "naersk_9": {
      "inputs": {
        "fenix": "fenix_9",
        "nixpkgs": [
          "termfarm",
          "nixpkgs"
        ]
      },
      "locked": {
        "lastModified": 1782220280,
        "narHash": "sha256-thLTFbp9D5Qknmh8q/v4FRpLGphUSijT3E86cbLYTXo=",
        "owner": "nix-community",
        "repo": "naersk",
        "rev": "9aa07bb0256d300219b30622d2454e85f7f3667e",
        "type": "github"
      },
      "original": {
        "owner": "nix-community",
        "repo": "naersk",
        "type": "github"
      }
    },
    "nixpkgs": {
      "locked": {
        "lastModified": 1786534138,
        "narHash": "sha256-Cwffw7dPM56d8spt4/queFQ1cKg69D9qrsp+wfwKvfo=",
        "rev": "044bfe75bfe4c7bbe043dc17b5e42ea823b84a09",
        "type": "tarball",
        "url": "https://releases.nixos.org/nixpkgs/nixpkgs-26.11pre1052792.044bfe75bfe4/nixexprs.tar.xz"
      },
      "original": {
        "type": "tarball",
        "url": "https://channels.nixos.org/nixpkgs-unstable/nixexprs.tar.xz"
      }
    },
    "nixpkgs-lib": {
      "locked": {
        "lastModified": 1788057806,
        "narHash": "sha256-DTQSMxzDWmT0zhguthvegnVkn7CFqGCv4IHCzk5ZUpM=",
        "owner": "nix-community",
        "repo": "nixpkgs.lib",
        "rev": "596e2e3940e09b2abbeb03f75fa1828c57fcd72c",
        "type": "github"
      },
      "original": {
        "owner": "nix-community",
        "repo": "nixpkgs.lib",
        "type": "github"
      }
    },
    "nixpkgs_2": {
      "locked": {
        "lastModified": 1789006805,
        "narHash": "sha256-xB8mKMOx1IA9vTDNLmJZ6n4wCMq/cuWBBOzGCRnqxrU=",
        "owner": "nixos",
        "repo": "nixpkgs",
        "rev": "8ce4ef6cb6f871616146b9fe26d2a5ae594e94fe",
        "type": "github"
      },
      "original": {
        "owner": "nixos",
        "ref": "nixos-unstable",
        "repo": "nixpkgs",
        "type": "github"
      }
    },
    "nixpkgs_3": {
      "locked": {
        "lastModified": 1742669843,
        "narHash": "sha256-G5n+FOXLXcRx+3hCJ6Rt6ZQyF1zqQ0DL0sWAMn2Nk0w=",
        "owner": "nixos",
        "repo": "nixpkgs",
        "rev": "1e5b653dff12029333a6546c11e108ede13052eb",
        "type": "github"
      },
      "original": {
        "owner": "nixos",
        "ref": "nixos-unstable",
        "repo": "nixpkgs",
        "type": "github"
      }
    },
    "omnisearch": {
      "inputs": {
        "beaker-src": "beaker-src",
        "nixpkgs": [
          "nixpkgs"
        ],
        "omnisearch-src": "omnisearch-src"
      },
      "locked": {
        "lastModified": 1788862248,
        "narHash": "sha256-ZyZYC2tyG/ZxJ9NLLOdYO8rvleWRha7AMDFCb95f1jc=",
        "owner": "indium114",
        "repo": "omnisearch-flake",
        "rev": "a9a9cfc7b39a1f8df388c565a49d5385c32bdf38",
        "type": "github"
      },
      "original": {
        "owner": "indium114",
        "repo": "omnisearch-flake",
        "type": "github"
      }
    },
    "omnisearch-src": {
      "flake": false,
      "locked": {
        "lastModified": 1788494360,
        "narHash": "sha256-OwKY25VZz7P9T7pQfC3lgqk1UR85K0hpc7NnBt4uEKo=",
        "ref": "refs/heads/master",
        "rev": "892acdc7f26df93735e0098ce62159571b31eb02",
        "revCount": 152,
        "shallow": false,
        "type": "git",
        "url": "https://git.bwaaa.monster/omnisearch"
      },
      "original": {
        "shallow": false,
        "type": "git",
        "url": "https://git.bwaaa.monster/omnisearch"
      }
    },
    "pricetag": {
      "inputs": {
        "flake-utils": "flake-utils_5",
        "nixpkgs": [
          "nixpkgs"
        ]
      },
      "locked": {
        "lastModified": 1786355431,
        "narHash": "sha256-0RvkfKPVgOi62+Fd7BLxpDv+52eRQq/ySM/GYNiKjNE=",
        "owner": "indium114",
        "repo": "pricetag",
        "rev": "c20fe7237f94353a55e778f9cabb33e87d59c3bf",
        "type": "github"
      },
      "original": {
        "owner": "indium114",
        "repo": "pricetag",
        "type": "github"
      }
    },
    "recall": {
      "inputs": {
        "flake-utils": "flake-utils_6",
        "naersk": "naersk_5",
        "nixpkgs": [
          "nixpkgs"
        ]
      },
      "locked": {
        "lastModified": 1787644685,
        "narHash": "sha256-pX96MohQt/hekbRY44LQXIgtGVW21CgbpMZY7v9l0h8=",
        "owner": "indium114",
        "repo": "recall",
        "rev": "c192287ccd972f9bee62f5c14ae3da6c6ee18f39",
        "type": "github"
      },
      "original": {
        "owner": "indium114",
        "repo": "recall",
        "type": "github"
      }
    },
    "root": {
      "inputs": {
        "bunkers": "bunkers",
        "catppuccin": "catppuccin",
        "disko": "disko",
        "fastcards": "fastcards",
        "flake-parts": "flake-parts",
        "haal": "haal",
        "hocusfocus": "hocusfocus",
        "home-manager": "home-manager",
        "nixpkgs": "nixpkgs_2",
        "omnisearch": "omnisearch",
        "pricetag": "pricetag",
        "recall": "recall",
        "rsstig": "rsstig",
        "rubbish": "rubbish",
        "satchel": "satchel",
        "sorta": "sorta",
        "spyglass": "spyglass",
        "ssuika": "ssuika",
        "termfarm": "termfarm",
        "uwu-colors": "uwu-colors"
      }
    },
    "rsstig": {
      "inputs": {
        "flake-utils": "flake-utils_7",
        "naersk": "naersk_6",
        "nixpkgs": [
          "nixpkgs"
        ]
      },
      "locked": {
        "lastModified": 1788550840,
        "narHash": "sha256-rZXuwFtBlsoK6YiRBq/uyB5HLKCXJaZgkt++66nLeg4=",
        "owner": "indium114",
        "repo": "rsstig",
        "rev": "905e16fde9b81d948f6aef2a83a51fdd6936e38a",
        "type": "github"
      },
      "original": {
        "owner": "indium114",
        "repo": "rsstig",
        "type": "github"
      }
    },
    "rubbish": {
      "inputs": {
        "flake-utils": "flake-utils_8",
        "naersk": "naersk_7",
        "nixpkgs": [
          "nixpkgs"
        ]
      },
      "locked": {
        "lastModified": 1789039345,
        "narHash": "sha256-8liqpdvGpSMFrjVm5Pk1xYhIQh26EhtSvM6iKLRx9js=",
        "owner": "indium114",
        "repo": "rubbish",
        "rev": "88ebf09506da0fbc23f43f8891d3f6ceb3ff5b09",
        "type": "github"
      },
      "original": {
        "owner": "indium114",
        "repo": "rubbish",
        "type": "github"
      }
    },
    "rust-analyzer-src": {
      "flake": false,
      "locked": {
        "lastModified": 1752428706,
        "narHash": "sha256-EJcdxw3aXfP8Ex1Nm3s0awyH9egQvB2Gu+QEnJn2Sfg=",
        "owner": "rust-lang",
        "repo": "rust-analyzer",
        "rev": "591e3b7624be97e4443ea7b5542c191311aa141d",
        "type": "github"
      },
      "original": {
        "owner": "rust-lang",
        "ref": "nightly",
        "repo": "rust-analyzer",
        "type": "github"
      }
    },
    "rust-analyzer-src_2": {
      "flake": false,
      "locked": {
        "lastModified": 1752428706,
        "narHash": "sha256-EJcdxw3aXfP8Ex1Nm3s0awyH9egQvB2Gu+QEnJn2Sfg=",
        "owner": "rust-lang",
        "repo": "rust-analyzer",
        "rev": "591e3b7624be97e4443ea7b5542c191311aa141d",
        "type": "github"
      },
      "original": {
        "owner": "rust-lang",
        "ref": "nightly",
        "repo": "rust-analyzer",
        "type": "github"
      }
    },
    "rust-analyzer-src_3": {
      "flake": false,
      "locked": {
        "lastModified": 1752428706,
        "narHash": "sha256-EJcdxw3aXfP8Ex1Nm3s0awyH9egQvB2Gu+QEnJn2Sfg=",
        "owner": "rust-lang",
        "repo": "rust-analyzer",
        "rev": "591e3b7624be97e4443ea7b5542c191311aa141d",
        "type": "github"
      },
      "original": {
        "owner": "rust-lang",
        "ref": "nightly",
        "repo": "rust-analyzer",
        "type": "github"
      }
    },
    "rust-analyzer-src_4": {
      "flake": false,
      "locked": {
        "lastModified": 1752428706,
        "narHash": "sha256-EJcdxw3aXfP8Ex1Nm3s0awyH9egQvB2Gu+QEnJn2Sfg=",
        "owner": "rust-lang",
        "repo": "rust-analyzer",
        "rev": "591e3b7624be97e4443ea7b5542c191311aa141d",
        "type": "github"
      },
      "original": {
        "owner": "rust-lang",
        "ref": "nightly",
        "repo": "rust-analyzer",
        "type": "github"
      }
    },
    "rust-analyzer-src_5": {
      "flake": false,
      "locked": {
        "lastModified": 1752428706,
        "narHash": "sha256-EJcdxw3aXfP8Ex1Nm3s0awyH9egQvB2Gu+QEnJn2Sfg=",
        "owner": "rust-lang",
        "repo": "rust-analyzer",
        "rev": "591e3b7624be97e4443ea7b5542c191311aa141d",
        "type": "github"
      },
      "original": {
        "owner": "rust-lang",
        "ref": "nightly",
        "repo": "rust-analyzer",
        "type": "github"
      }
    },
    "rust-analyzer-src_6": {
      "flake": false,
      "locked": {
        "lastModified": 1752428706,
        "narHash": "sha256-EJcdxw3aXfP8Ex1Nm3s0awyH9egQvB2Gu+QEnJn2Sfg=",
        "owner": "rust-lang",
        "repo": "rust-analyzer",
        "rev": "591e3b7624be97e4443ea7b5542c191311aa141d",
        "type": "github"
      },
      "original": {
        "owner": "rust-lang",
        "ref": "nightly",
        "repo": "rust-analyzer",
        "type": "github"
      }
    },
    "rust-analyzer-src_7": {
      "flake": false,
      "locked": {
        "lastModified": 1752428706,
        "narHash": "sha256-EJcdxw3aXfP8Ex1Nm3s0awyH9egQvB2Gu+QEnJn2Sfg=",
        "owner": "rust-lang",
        "repo": "rust-analyzer",
        "rev": "591e3b7624be97e4443ea7b5542c191311aa141d",
        "type": "github"
      },
      "original": {
        "owner": "rust-lang",
        "ref": "nightly",
        "repo": "rust-analyzer",
        "type": "github"
      }
    },
    "rust-analyzer-src_8": {
      "flake": false,
      "locked": {
        "lastModified": 1752428706,
        "narHash": "sha256-EJcdxw3aXfP8Ex1Nm3s0awyH9egQvB2Gu+QEnJn2Sfg=",
        "owner": "rust-lang",
        "repo": "rust-analyzer",
        "rev": "591e3b7624be97e4443ea7b5542c191311aa141d",
        "type": "github"
      },
      "original": {
        "owner": "rust-lang",
        "ref": "nightly",
        "repo": "rust-analyzer",
        "type": "github"
      }
    },
    "rust-analyzer-src_9": {
      "flake": false,
      "locked": {
        "lastModified": 1752428706,
        "narHash": "sha256-EJcdxw3aXfP8Ex1Nm3s0awyH9egQvB2Gu+QEnJn2Sfg=",
        "owner": "rust-lang",
        "repo": "rust-analyzer",
        "rev": "591e3b7624be97e4443ea7b5542c191311aa141d",
        "type": "github"
      },
      "original": {
        "owner": "rust-lang",
        "ref": "nightly",
        "repo": "rust-analyzer",
        "type": "github"
      }
    },
    "satchel": {
      "inputs": {
        "flake-utils": "flake-utils_9",
        "nixpkgs": [
          "nixpkgs"
        ]
      },
      "locked": {
        "lastModified": 1786355790,
        "narHash": "sha256-8qfOIfI73DBhngWCS6tMl6pEkNjvTLWWa+G23i3Johw=",
        "owner": "indium114",
        "repo": "satchel",
        "rev": "d1ed96a0aff5d6d32e9a78b3c47d319879339215",
        "type": "github"
      },
      "original": {
        "owner": "indium114",
        "repo": "satchel",
        "type": "github"
      }
    },
    "sorta": {
      "inputs": {
        "flake-utils": "flake-utils_10",
        "nixpkgs": [
          "nixpkgs"
        ]
      },
      "locked": {
        "lastModified": 1786356058,
        "narHash": "sha256-dBQK0156JOUmD+Sn3sXvc9+A9zyXn1q137xNpf55O6E=",
        "owner": "indium114",
        "repo": "sorta",
        "rev": "4a9e3b85c649ac5100348b5dda2199999079ce3c",
        "type": "github"
      },
      "original": {
        "owner": "indium114",
        "repo": "sorta",
        "type": "github"
      }
    },
    "spyglass": {
      "inputs": {
        "flake-utils": "flake-utils_11",
        "naersk": "naersk_8",
        "nixpkgs": [
          "nixpkgs"
        ]
      },
      "locked": {
        "lastModified": 1788694087,
        "narHash": "sha256-rh3Vz2iHUNC0iT7CWGkkW6yyp4drUN4OnZSB4Mj+ZtQ=",
        "owner": "indium114",
        "repo": "spyglass",
        "rev": "2819bfdc90e8cb94ace1bfde7046d25cc29a63f9",
        "type": "github"
      },
      "original": {
        "owner": "indium114",
        "repo": "spyglass",
        "type": "github"
      }
    },
    "ssuika": {
      "inputs": {
        "flake-utils": "flake-utils_12",
        "nixpkgs": [
          "nixpkgs"
        ]
      },
      "locked": {
        "lastModified": 1782920971,
        "narHash": "sha256-ayto6qlO+PaOzOdJmUsSwRFpn5ynms0ce0o2tEWzgng=",
        "ref": "refs/heads/master",
        "rev": "b6dbf6aee0edee97059be25e22a82f94da6ed4ed",
        "revCount": 21,
        "type": "git",
        "url": "https://codeberg.org/indium114/ssuika"
      },
      "original": {
        "type": "git",
        "url": "https://codeberg.org/indium114/ssuika"
      }
    },
    "systems": {
      "locked": {
        "lastModified": 1681028828,
        "narHash": "sha256-Vy1rq5AaRuLzOxct8nz4T6wlgyUR7zLU309k9mBC768=",
        "owner": "nix-systems",
        "repo": "default",
        "rev": "da67096a3b9bf56a91d16901293e51ba5b49a27e",
        "type": "github"
      },
      "original": {
        "owner": "nix-systems",
        "repo": "default",
        "type": "github"
      }
    },
    "systems_10": {
      "locked": {
        "lastModified": 1681028828,
        "narHash": "sha256-Vy1rq5AaRuLzOxct8nz4T6wlgyUR7zLU309k9mBC768=",
        "owner": "nix-systems",
        "repo": "default",
        "rev": "da67096a3b9bf56a91d16901293e51ba5b49a27e",
        "type": "github"
      },
      "original": {
        "owner": "nix-systems",
        "repo": "default",
        "type": "github"
      }
    },
    "systems_11": {
      "locked": {
        "lastModified": 1681028828,
        "narHash": "sha256-Vy1rq5AaRuLzOxct8nz4T6wlgyUR7zLU309k9mBC768=",
        "owner": "nix-systems",
        "repo": "default",
        "rev": "da67096a3b9bf56a91d16901293e51ba5b49a27e",
        "type": "github"
      },
      "original": {
        "owner": "nix-systems",
        "repo": "default",
        "type": "github"
      }
    },
    "systems_12": {
      "locked": {
        "lastModified": 1681028828,
        "narHash": "sha256-Vy1rq5AaRuLzOxct8nz4T6wlgyUR7zLU309k9mBC768=",
        "owner": "nix-systems",
        "repo": "default",
        "rev": "da67096a3b9bf56a91d16901293e51ba5b49a27e",
        "type": "github"
      },
      "original": {
        "owner": "nix-systems",
        "repo": "default",
        "type": "github"
      }
    },
    "systems_13": {
      "locked": {
        "lastModified": 1681028828,
        "narHash": "sha256-Vy1rq5AaRuLzOxct8nz4T6wlgyUR7zLU309k9mBC768=",
        "owner": "nix-systems",
        "repo": "default",
        "rev": "da67096a3b9bf56a91d16901293e51ba5b49a27e",
        "type": "github"
      },
      "original": {
        "owner": "nix-systems",
        "repo": "default",
        "type": "github"
      }
    },
    "systems_2": {
      "locked": {
        "lastModified": 1681028828,
        "narHash": "sha256-Vy1rq5AaRuLzOxct8nz4T6wlgyUR7zLU309k9mBC768=",
        "owner": "nix-systems",
        "repo": "default",
        "rev": "da67096a3b9bf56a91d16901293e51ba5b49a27e",
        "type": "github"
      },
      "original": {
        "owner": "nix-systems",
        "repo": "default",
        "type": "github"
      }
    },
    "systems_3": {
      "locked": {
        "lastModified": 1681028828,
        "narHash": "sha256-Vy1rq5AaRuLzOxct8nz4T6wlgyUR7zLU309k9mBC768=",
        "owner": "nix-systems",
        "repo": "default",
        "rev": "da67096a3b9bf56a91d16901293e51ba5b49a27e",
        "type": "github"
      },
      "original": {
        "owner": "nix-systems",
        "repo": "default",
        "type": "github"
      }
    },
    "systems_4": {
      "locked": {
        "lastModified": 1681028828,
        "narHash": "sha256-Vy1rq5AaRuLzOxct8nz4T6wlgyUR7zLU309k9mBC768=",
        "owner": "nix-systems",
        "repo": "default",
        "rev": "da67096a3b9bf56a91d16901293e51ba5b49a27e",
        "type": "github"
      },
      "original": {
        "owner": "nix-systems",
        "repo": "default",
        "type": "github"
      }
    },
    "systems_5": {
      "locked": {
        "lastModified": 1681028828,
        "narHash": "sha256-Vy1rq5AaRuLzOxct8nz4T6wlgyUR7zLU309k9mBC768=",
        "owner": "nix-systems",
        "repo": "default",
        "rev": "da67096a3b9bf56a91d16901293e51ba5b49a27e",
        "type": "github"
      },
      "original": {
        "owner": "nix-systems",
        "repo": "default",
        "type": "github"
      }
    },
    "systems_6": {
      "locked": {
        "lastModified": 1681028828,
        "narHash": "sha256-Vy1rq5AaRuLzOxct8nz4T6wlgyUR7zLU309k9mBC768=",
        "owner": "nix-systems",
        "repo": "default",
        "rev": "da67096a3b9bf56a91d16901293e51ba5b49a27e",
        "type": "github"
      },
      "original": {
        "owner": "nix-systems",
        "repo": "default",
        "type": "github"
      }
    },
    "systems_7": {
      "locked": {
        "lastModified": 1681028828,
        "narHash": "sha256-Vy1rq5AaRuLzOxct8nz4T6wlgyUR7zLU309k9mBC768=",
        "owner": "nix-systems",
        "repo": "default",
        "rev": "da67096a3b9bf56a91d16901293e51ba5b49a27e",
        "type": "github"
      },
      "original": {
        "owner": "nix-systems",
        "repo": "default",
        "type": "github"
      }
    },
    "systems_8": {
      "locked": {
        "lastModified": 1681028828,
        "narHash": "sha256-Vy1rq5AaRuLzOxct8nz4T6wlgyUR7zLU309k9mBC768=",
        "owner": "nix-systems",
        "repo": "default",
        "rev": "da67096a3b9bf56a91d16901293e51ba5b49a27e",
        "type": "github"
      },
      "original": {
        "owner": "nix-systems",
        "repo": "default",
        "type": "github"
      }
    },
    "systems_9": {
      "locked": {
        "lastModified": 1681028828,
        "narHash": "sha256-Vy1rq5AaRuLzOxct8nz4T6wlgyUR7zLU309k9mBC768=",
        "owner": "nix-systems",
        "repo": "default",
        "rev": "da67096a3b9bf56a91d16901293e51ba5b49a27e",
        "type": "github"
      },
      "original": {
        "owner": "nix-systems",
        "repo": "default",
        "type": "github"
      }
    },
    "termfarm": {
      "inputs": {
        "flake-utils": "flake-utils_13",
        "naersk": "naersk_9",
        "nixpkgs": [
          "nixpkgs"
        ]
      },
      "locked": {
        "lastModified": 1789039681,
        "narHash": "sha256-5YFMbbnyVknxzvus/Ro9bg8ufr5YbahM8PGdH0Xu+9o=",
        "owner": "indium114",
        "repo": "termfarm",
        "rev": "9b473983e58e90f8ffd819aa1e2eaa21a6ae6a54",
        "type": "github"
      },
      "original": {
        "owner": "indium114",
        "repo": "termfarm",
        "type": "github"
      }
    },
    "uwu-colors": {
      "inputs": {
        "nixpkgs": "nixpkgs_3"
      },
      "locked": {
        "lastModified": 1774287463,
        "narHash": "sha256-gRoDt12wBOfkZOEdAZJaqfZPrCnC+qjal6LcuacE81M=",
        "owner": "q60",
        "repo": "uwu_colors",
        "rev": "cf818157de5ff29b82b18a0d585476e29bad988a",
        "type": "github"
      },
      "original": {
        "owner": "q60",
        "repo": "uwu_colors",
        "type": "github"
      }
    }
  },
  "root": "root",
  "version": 7
}
